
Microsoft Visual Studio Solution File, Format Version 12.00
# Visual Studio Version 16
VisualStudioVersion = 16.0.30711.63
MinimumVisualStudioVersion = 10.0.40219.1
Project("{F184B08F-C81C-45F6-A57F-5ABD9991F28F}") = "first", "first\first.vbproj", "{0AE3F113-A4AB-4835-8C4E-5D4187CD0172}"
EndProject
Global
	GlobalSection(SolutionConfigurationPlatforms) = preSolution
		Debug|Any CPU = Debug|Any CPU
		Release|Any CPU = Release|Any CPU
	EndGlobalSection
	GlobalSection(ProjectConfigurationPlatforms) = postSolution
		{0AE3F113-A4AB-4835-8C4E-5D4187CD0172}.Debug|Any CPU.ActiveCfg = Debug|Any CPU
		{0AE3F113-A4AB-4835-8C4E-5D4187CD0172}.Debug|Any CPU.Build.0 = Debug|Any CPU
		{0AE3F113-A4AB-4835-8C4E-5D4187CD0172}.Release|Any CPU.ActiveCfg = Release|Any CPU
		{0AE3F113-A4AB-4835-8C4E-5D4187CD0172}.Release|Any CPU.Build.0 = Release|Any CPU
	EndGlobalSection
	GlobalSection(SolutionProperties) = preSolution
		HideSolutionNode = FALSE
	EndGlobalSection
	GlobalSection(ExtensibilityGlobals) = postSolution
		SolutionGuid = {973732D3-45A2-4DAE-B909-CB759F3018AB}
	EndGlobalSection
EndGlobal
